
Microsoft Visual Studio Solution File, Format Version 12.00
# Visual Studio Version 17
VisualStudioVersion = 17.10.35122.118
MinimumVisualStudioVersion = 10.0.40219.1
Project("{FAE04EC0-301F-11D3-BF4B-00C04F79EFBC}") = "WebAppTest", "WebAppTest.csproj", "{EBECDF32-7377-434C-8FCF-8909ED4B8CBC}"
EndProject
Global
	GlobalSection(SolutionConfigurationPlatforms) = preSolution
		Debug|Any CPU = Debug|Any CPU
		Release|Any CPU = Release|Any CPU
	EndGlobalSection
	GlobalSection(ProjectConfigurationPlatforms) = postSolution
		{EBECDF32-7377-434C-8FCF-8909ED4B8CBC}.Debug|Any CPU.ActiveCfg = Debug|Any CPU
		{EBECDF32-7377-434C-8FCF-8909ED4B8CBC}.Debug|Any CPU.Build.0 = Debug|Any CPU
		{EBECDF32-7377-434C-8FCF-8909ED4B8CBC}.Release|Any CPU.ActiveCfg = Release|Any CPU
		{EBECDF32-7377-434C-8FCF-8909ED4B8CBC}.Release|Any CPU.Build.0 = Release|Any CPU
	EndGlobalSection
	GlobalSection(SolutionProperties) = preSolution
		HideSolutionNode = FALSE
	EndGlobalSection
	GlobalSection(ExtensibilityGlobals) = postSolution
		SolutionGuid = {1818B28E-8E2B-4BDD-95A1-CA5B57E31EAE}
	EndGlobalSection
EndGlobal
